{"filter":false,"title":"Gemfile.lock","tooltip":"/L04/CS2/Gemfile.lock","undoManager":{"mark":-1,"position":-1,"stack":[]},"ace":{"folds":[],"scrolltop":0,"scrollleft":0,"selection":{"start":{"row":0,"column":0},"end":{"row":0,"column":0},"isBackwards":false},"options":{"guessTabSize":true,"useWrapMode":false,"wrapToView":true},"firstLineState":0},"timestamp":1665411839371,"hash":"a6de52ceb3539c522946138acf53ba03c028060b"}