{"filter":false,"title":"Gemfile.lock","tooltip":"/L04/CS3/Gemfile.lock","undoManager":{"mark":-1,"position":-1,"stack":[]},"ace":{"folds":[],"scrolltop":0,"scrollleft":0,"selection":{"start":{"row":13,"column":24},"end":{"row":13,"column":24},"isBackwards":false},"options":{"guessTabSize":true,"useWrapMode":false,"wrapToView":true},"firstLineState":0},"timestamp":1665476835640,"hash":"2a96e1e5a84eb8b0aef6d5920139033710fdb181"}