{"filter":false,"title":"Gemfile.lock","tooltip":"/L05/twitter/Gemfile.lock","undoManager":{"mark":-1,"position":-1,"stack":[]},"ace":{"folds":[],"scrolltop":3291,"scrollleft":0,"selection":{"start":{"row":12,"column":32},"end":{"row":12,"column":32},"isBackwards":false},"options":{"guessTabSize":true,"useWrapMode":false,"wrapToView":true},"firstLineState":{"row":218,"state":"start","mode":"ace/mode/text"}},"timestamp":1666529080092,"hash":"d96eedd8240c4f720f8734300324b6e3d001418e"}